
Microsoft Visual Studio Solution File, Format Version 12.00
# Visual Studio 15
VisualStudioVersion = 15.0.26124.0
MinimumVisualStudioVersion = 15.0.26124.0
Project("{FAE04EC0-301F-11D3-BF4B-00C04F79EFBC}") = "mc", "driver\mc.csproj", "{7237D362-88D3-421B-8244-EC8DBB15321C}"
EndProject
Project("{FAE04EC0-301F-11D3-BF4B-00C04F79EFBC}") = "dhive", "dhive\dhive.csproj", "{66D95776-097C-4670-AC85-CF424AB987D4}"
EndProject
Global
	GlobalSection(SolutionConfigurationPlatforms) = preSolution
		Debug|Any CPU = Debug|Any CPU
		Debug|x64 = Debug|x64
		Debug|x86 = Debug|x86
		Release|Any CPU = Release|Any CPU
		Release|x64 = Release|x64
		Release|x86 = Release|x86
	EndGlobalSection
	GlobalSection(SolutionProperties) = preSolution
		HideSolutionNode = FALSE
	EndGlobalSection
	GlobalSection(ProjectConfigurationPlatforms) = postSolution
		{7237D362-88D3-421B-8244-EC8DBB15321C}.Debug|Any CPU.ActiveCfg = Debug|Any CPU
		{7237D362-88D3-421B-8244-EC8DBB15321C}.Debug|Any CPU.Build.0 = Debug|Any CPU
		{7237D362-88D3-421B-8244-EC8DBB15321C}.Debug|x64.ActiveCfg = Debug|Any CPU
		{7237D362-88D3-421B-8244-EC8DBB15321C}.Debug|x64.Build.0 = Debug|Any CPU
		{7237D362-88D3-421B-8244-EC8DBB15321C}.Debug|x86.ActiveCfg = Debug|Any CPU
		{7237D362-88D3-421B-8244-EC8DBB15321C}.Debug|x86.Build.0 = Debug|Any CPU
		{7237D362-88D3-421B-8244-EC8DBB15321C}.Release|Any CPU.ActiveCfg = Release|Any CPU
		{7237D362-88D3-421B-8244-EC8DBB15321C}.Release|Any CPU.Build.0 = Release|Any CPU
		{7237D362-88D3-421B-8244-EC8DBB15321C}.Release|x64.ActiveCfg = Release|Any CPU
		{7237D362-88D3-421B-8244-EC8DBB15321C}.Release|x64.Build.0 = Release|Any CPU
		{7237D362-88D3-421B-8244-EC8DBB15321C}.Release|x86.ActiveCfg = Release|Any CPU
		{7237D362-88D3-421B-8244-EC8DBB15321C}.Release|x86.Build.0 = Release|Any CPU
		{66D95776-097C-4670-AC85-CF424AB987D4}.Debug|Any CPU.ActiveCfg = Debug|Any CPU
		{66D95776-097C-4670-AC85-CF424AB987D4}.Debug|Any CPU.Build.0 = Debug|Any CPU
		{66D95776-097C-4670-AC85-CF424AB987D4}.Debug|x64.ActiveCfg = Debug|Any CPU
		{66D95776-097C-4670-AC85-CF424AB987D4}.Debug|x64.Build.0 = Debug|Any CPU
		{66D95776-097C-4670-AC85-CF424AB987D4}.Debug|x86.ActiveCfg = Debug|Any CPU
		{66D95776-097C-4670-AC85-CF424AB987D4}.Debug|x86.Build.0 = Debug|Any CPU
		{66D95776-097C-4670-AC85-CF424AB987D4}.Release|Any CPU.ActiveCfg = Release|Any CPU
		{66D95776-097C-4670-AC85-CF424AB987D4}.Release|Any CPU.Build.0 = Release|Any CPU
		{66D95776-097C-4670-AC85-CF424AB987D4}.Release|x64.ActiveCfg = Release|Any CPU
		{66D95776-097C-4670-AC85-CF424AB987D4}.Release|x64.Build.0 = Release|Any CPU
		{66D95776-097C-4670-AC85-CF424AB987D4}.Release|x86.ActiveCfg = Release|Any CPU
		{66D95776-097C-4670-AC85-CF424AB987D4}.Release|x86.Build.0 = Release|Any CPU
	EndGlobalSection
EndGlobal
